# sha256 size_bytes destination url
dfce54a839b491f395c516350ebb4a78f947e9170a6beac0f2bc5638e0f09d61 24446700 model/model_int8.onnx https://huggingface.co/onnx-community/dinov2-small/resolve/8b1f705a3a7f6f062f6bdd21986c1583d3ef105d/onnx/model_int8.onnx?download=true
600cc67cc4cb2f5ea317dcfc687ad1c74dc4bec8782bbe9db0afd83513b935b7 11359 licenses/DINOv2-APACHE-2.0.txt https://raw.githubusercontent.com/facebookresearch/dinov2/7764ea0f912e53c92e82eb78a2a1631e92725fc8/LICENSE
cfc7749b96f63bd31c3c42b5c471bf756814053e847c10f3eb003417bc523d30 11358 licenses/FlatBuffers-APACHE-2.0.txt https://raw.githubusercontent.com/google/flatbuffers/7e163021e59cca4f8e1e35a7c828b5c6b7915953/LICENSE
f5258ad21bc9f92da3beeca78258a799c6418a5021cb9bcaf45e842fd4d480c2 122300 debs/libexpat1_2.8.2-1~deb13u1_amd64.deb http://snapshot.debian.org/archive/debian-security/20260803T000000Z/pool/updates/main/e/expat/libexpat1_2.8.2-1~deb13u1_amd64.deb
47baa2e11579583654583a066b69bd5a5d2f22423081f707ed6c0c3ba6d538b7 135484 debs/libncursesw6_6.5+20250216-2_amd64.deb http://snapshot.debian.org/archive/debian/20260803T000000Z/pool/main/n/ncurses/libncursesw6_6.5%2B20250216-2_amd64.deb
7e142ed64a81ccdd39714f213467bd365736ef341adb2be11be981f638b9175f 10180 debs/libpython3-stdlib_3.13.5-1_amd64.deb http://snapshot.debian.org/archive/debian/20260803T000000Z/pool/main/p/python3-defaults/libpython3-stdlib_3.13.5-1_amd64.deb
e3a45504aaf395acb5c57efb5ccfdf85efa6eaffc165653d1f03532bbf5b92c5 863160 debs/libpython3.13-minimal_3.13.5-2+deb13u4_amd64.deb http://snapshot.debian.org/archive/debian/20260803T000000Z/pool/main/p/python3.13/libpython3.13-minimal_3.13.5-2%2Bdeb13u4_amd64.deb
0def2d972310b59704ad119abee5a97f95409e14ff1359edd8cc7b8892cfd43f 1957100 debs/libpython3.13-stdlib_3.13.5-2+deb13u4_amd64.deb http://snapshot.debian.org/archive/debian/20260803T000000Z/pool/main/p/python3.13/libpython3.13-stdlib_3.13.5-2%2Bdeb13u4_amd64.deb
eeadf2b5e755c9f183883feea2d9b5b28560284275d5f54d3e55d0923b1d0967 168832 debs/libreadline8t64_8.2-6_amd64.deb http://snapshot.debian.org/archive/debian/20260803T000000Z/pool/main/r/readline/libreadline8t64_8.2-6_amd64.deb
0788e4b0b72db1bcf74a19cb24c3511e7770ad0b341f0f30e361701c3072f53e 29336 debs/media-types_13.0.0_all.deb http://snapshot.debian.org/archive/debian/20260803T000000Z/pool/main/m/media-types/media-types_13.0.0_all.deb
76bafa92947ebd37b0a6f9ec6570412041f56edebc1c66d323731216d318471e 12436 debs/netbase_6.5_all.deb http://snapshot.debian.org/archive/debian/20260803T000000Z/pool/main/n/netbase/netbase_6.5_all.deb
a5d2371bebf3689f676e3f3bae800371bcc4392a8a51269e23d528249b399615 27248 debs/python3-minimal_3.13.5-1_amd64.deb http://snapshot.debian.org/archive/debian/20260803T000000Z/pool/main/p/python3-defaults/python3-minimal_3.13.5-1_amd64.deb
e65351935aa4af2b10ae2abb5744f5059e9abad51aea6cd0cb825702010763f7 1507328 debs/python3-pip-whl_25.1.1+dfsg-1_all.deb http://snapshot.debian.org/archive/debian/20260803T000000Z/pool/main/p/python-pip/python3-pip-whl_25.1.1%2Bdfsg-1_all.deb
0caf134e73ab90ffeaa5ce2529d73ea7d48078b2a9251ed9d1b7b514a61e9483 1268108 debs/python3-setuptools-whl_78.1.1-0.1_all.deb http://snapshot.debian.org/archive/debian/20260803T000000Z/pool/main/s/setuptools/python3-setuptools-whl_78.1.1-0.1_all.deb
744ea5038e645ed22299e1bca47f76169b5665dd640df3492bdd1e21eba6cb76 1180 debs/python3-venv_3.13.5-1_amd64.deb http://snapshot.debian.org/archive/debian/20260803T000000Z/pool/main/p/python3-defaults/python3-venv_3.13.5-1_amd64.deb
d86fb415db31273c8d98b42088c070b55094fa0bedb5d2daf34101195b78cf23 2216940 debs/python3.13-minimal_3.13.5-2+deb13u4_amd64.deb http://snapshot.debian.org/archive/debian/20260803T000000Z/pool/main/p/python3.13/python3.13-minimal_3.13.5-2%2Bdeb13u4_amd64.deb
886b8a63bd076a43949f7f704dd9f84ea431e25ba97ed9783676043e3f398165 5472 debs/python3.13-venv_3.13.5-2+deb13u4_amd64.deb http://snapshot.debian.org/archive/debian/20260803T000000Z/pool/main/p/python3.13/python3.13-venv_3.13.5-2%2Bdeb13u4_amd64.deb
035889aaac2ddf70543ea6918f2e8d48512576dfaea9c14e08d2ef68e1b97182 757420 debs/python3.13_3.13.5-2+deb13u4_amd64.deb http://snapshot.debian.org/archive/debian/20260803T000000Z/pool/main/p/python3.13/python3.13_3.13.5-2%2Bdeb13u4_amd64.deb
c1388174dc7140e6c19a6dd39f8a0dcb38a835cd66c65644e0dded43d5223cb0 28244 debs/python3_3.13.5-1_amd64.deb http://snapshot.debian.org/archive/debian/20260803T000000Z/pool/main/p/python3-defaults/python3_3.13.5-1_amd64.deb
f77e8aa0bf0de618f11cb0b21658a4ed60f177d63b3cf26d7fc3706b6d0eaaa9 69360 debs/readline-common_8.2-6_all.deb http://snapshot.debian.org/archive/debian/20260803T000000Z/pool/main/r/readline/readline-common_8.2-6_all.deb
117bac03a25ede5df5440e855b32d556049ca169ead221505badf432fed4b101 5302 wheels/annotated_doc-0.0.5-py3-none-any.whl https://files.pythonhosted.org/packages/3e/30/e900b21425a860e195f32e37657aa1f7c7f2b1bfb26f03ca209b90933c06/annotated_doc-0.0.5-py3-none-any.whl
f072f4d804ea359e4eaf198b1af7a8b0943881a87f31bb764f8bf219bb9419e0 13427 wheels/annotated_types-0.8.0-py3-none-any.whl https://files.pythonhosted.org/packages/99/91/8acff4f5e50511b911bbccb72b8628a49c68ce14148cd9f6431094859a90/annotated_types-0.8.0-py3-none-any.whl
9f505dda5ac9f0c8309b5e8bd445a8c2bf7246f3ce950121e45ea15bc41d1494 125813 wheels/anyio-4.14.2-py3-none-any.whl https://files.pythonhosted.org/packages/da/35/f2287558c17e29fafc8ef3daf819bb9834061cfa43bff8014f7df7f63bdc/anyio-4.14.2-py3-none-any.whl
255bc9599cf7748b4b1a446ccc735421bd08a2ae529a8b88597d3de5664ee360 125251 wheels/click-8.5.0-py3-none-any.whl https://files.pythonhosted.org/packages/58/50/6c0d534c5f134586a8e1ba4e330569e32f057e33372ae556463212fb4cd3/click-8.5.0-py3-none-any.whl
bfb91aa2d334c61cb35ba9a116fc123b3d3df31640b801cf57a7a78ec3f603b3 131954 wheels/fastapi-0.141.1-py3-none-any.whl https://files.pythonhosted.org/packages/cb/03/10388a42375ee7e4ac9b94eb2c5c569c8b5795e377e701c9ac3ad63de890/fastapi-0.141.1-py3-none-any.whl
7634f50c427838bb021c2d66a3d1168e9d199b0607e6329399f04846d42e20b4 26661 wheels/flatbuffers-25.12.19-py2.py3-none-any.whl https://files.pythonhosted.org/packages/e8/2d/d2a548598be01649e2d46231d151a6c56d10b964d94043a335ae56ea2d92/flatbuffers-25.12.19-py2.py3-none-any.whl
63cf8bbe7522de3bf65932fda1d9c2772064ffb3dae62d55932da54b31cb6c86 37515 wheels/h11-0.16.0-py3-none-any.whl https://files.pythonhosted.org/packages/04/4b/29cac41a4d98d144bf5f6d33995617b185d14b22401f75ca86f384e87ff1/h11-0.16.0-py3-none-any.whl
815e7be7a7806d54abb586dc943addc79e8b2ee16915059658cbeff4b1b43bf4 68550 wheels/idna-3.19-py3-none-any.whl https://files.pythonhosted.org/packages/57/b0/0e52c878c53f245edd3a11020f20979b3f490f245af532c7cae3027754b5/idna-3.19-py3-none-any.whl
29b86ff8a6cc556b47ec6b64b194815cc80e6bf5eedcc6cddfd65318cb0b4eee 16709995 wheels/numpy-2.5.2-cp313-cp313-manylinux_2_27_x86_64.manylinux_2_28_x86_64.whl https://files.pythonhosted.org/packages/7b/44/59a1eb68e773c4098d107ef34a0dbdeca501d72ffcfbff9a7707343921ce/numpy-2.5.2-cp313-cp313-manylinux_2_27_x86_64.manylinux_2_28_x86_64.whl
e2128f31f449e922c62dbe5d8b6b7b079f0bcaf2d56a102fa203cb6e5bb5ab19 23136817 wheels/onnxruntime-1.29.0-cp313-cp313-manylinux_2_28_x86_64.whl https://files.pythonhosted.org/packages/83/2c/d8eb945d2a372149df9705a8d5c8d7c6c46c987c5446dbcea9e1ea7f6556/onnxruntime-1.29.0-cp313-cp313-manylinux_2_28_x86_64.whl
d7193f7c8e4e93f444fde0262bf90af30e16fa0ad0ad44cb553c87339b23cd1c 129956 wheels/packaging-26.3-py3-none-any.whl https://files.pythonhosted.org/packages/63/34/ba1c580383c9eada3711951fef0795c80b829a078d72188184bcab9dd527/packaging-26.3-py3-none-any.whl
0847a763afefb695bc912d7c131e7e0632d4edc1d8698f58ddabec8e46b8b6d3 6937129 wheels/pillow-12.3.0-cp313-cp313-manylinux_2_27_x86_64.manylinux_2_28_x86_64.whl https://files.pythonhosted.org/packages/f7/62/de5bdd77d935331f4f802edc11e4d82950f642caad6cb2f949837b8560e2/pillow-12.3.0-cp313-cp313-manylinux_2_27_x86_64.manylinux_2_28_x86_64.whl
97198b77e369a0abd8e262b8f6c7266c55ddb796a3a12c76d7b8881188ed83aa 343228 wheels/protobuf-7.36.1-cp310-abi3-manylinux2014_x86_64.whl https://files.pythonhosted.org/packages/22/df/c799fe7a05ef16ba853a59db01f3a2c5f7d0676469589ccc4874f76a2a88/protobuf-7.36.1-cp310-abi3-manylinux2014_x86_64.whl
346a034f080da3755d8e9cb5e00e8b07de1d39e4f6e2c87d8ab7cafa0b269a73 472589 wheels/pydantic-2.13.5-py3-none-any.whl https://files.pythonhosted.org/packages/eb/47/c95ffc2009878c7aac0c5e08528022dcb885933252a88b5f170058014464/pydantic-2.13.5-py3-none-any.whl
6f7b393a8b3da82f5c1fc0751e6d01ac6c55b93c18226a60bdfba4a724efafd1 2066633 wheels/pydantic_core-2.46.5-cp313-cp313-manylinux_2_17_x86_64.manylinux2014_x86_64.whl https://files.pythonhosted.org/packages/d3/f2/9e4de77a6271e07a76d2d58b11c091a979c191ed2939bf80067568b369d2/pydantic_core-2.46.5-cp313-cp313-manylinux_2_17_x86_64.manylinux2014_x86_64.whl
ff6d3f776f16878c894e52e107296ffc890e913c611b1a4ec6c44e2821fe2e23 30042 wheels/python_multipart-0.0.32-py3-none-any.whl https://files.pythonhosted.org/packages/e1/04/e8135ebd1ad02c56ec633277529b2602ff99ff634be76cdba5744cf554fd/python_multipart-0.0.32-py3-none-any.whl
a86dd39d14bb45f85a3d18525215a9ef0cfd1f192ac793220e72598c90335f0c 75969 wheels/starlette-1.6.0-py3-none-any.whl https://files.pythonhosted.org/packages/c8/cb/6a6a47d5b464bd08695d254f3da6e7986cc70c9fa5d778eda57538edfe56/starlette-1.6.0-py3-none-any.whl
481caa481374e813c1b176ada14e97f1f67a4539ce9cfeb3f350d78d6370c2e8 45571 wheels/typing_extensions-4.16.0-py3-none-any.whl https://files.pythonhosted.org/packages/49/d3/b8441a820a491ddfc024b0b0cf0393375b75ea13866d9c66727e54c2fc80/typing_extensions-4.16.0-py3-none-any.whl
65b8397ba37ccbce054456aaccddfc91e6e3083c92824df348d96ca832f3f147 14750 wheels/typing_inspection-0.4.4-py3-none-any.whl https://files.pythonhosted.org/packages/67/81/4add07e5172b7ac40d8ed5ff580409a7801a4fe26d529bdd915401dabfbe/typing_inspection-0.4.4-py3-none-any.whl
f86e41a149d7d05a9969337e3946a9c171c06a5d42680896daaba624aeac8da1 79871 wheels/uvicorn-0.52.4-py3-none-any.whl https://files.pythonhosted.org/packages/f1/79/4a20b54ab0491485ccd8c077db2d39187c7f12b3e15485d38a7be37c81b4/uvicorn-0.52.4-py3-none-any.whl
